lockfileVersion: 5.4

specifiers:
  '@types/three': ^0.144.0
  alea: ^1.0.1
  perlin.js: ^1.0.0
  simplex-noise: ^4.0.1
  three: ^0.145.0
  typescript: ^4.9.3

dependencies:
  '@types/three': 0.144.0
  alea: 1.0.1
  perlin.js: 1.0.0
  simplex-noise: 4.0.1
  three: 0.145.0

devDependencies:
  typescript: 4.9.4

packages:

  /@types/three/0.144.0:
    resolution: {integrity: sha512-psvEs6q5rLN50jUYZ3D4pZMfxTbdt3A243blt0my7/NcL6chaCZpHe2csbCtx0SOD9fI/XnF3wnVUAYZGqCSYg==}
    dependencies:
      '@types/webxr': 0.5.0
    dev: false

  /@types/webxr/0.5.0:
    resolution: {integrity: sha512-IUMDPSXnYIbEO2IereEFcgcqfDREOgmbGqtrMpVPpACTU6pltYLwHgVkrnYv0XhWEcjio9sYEfIEzgn3c7nDqA==}
    dev: false

  /alea/1.0.1:
    resolution: {integrity: sha512-QU+wv+ziDXaMxRdsQg/aH7sVfWdhKps5YP97IIwFkHCsbDZA3k87JXoZ5/iuemf4ntytzIWeScrRpae8+lDrXA==}
    dev: false

  /perlin.js/1.0.0:
    resolution: {integrity: sha512-0MVPmdJDH6GjDoa0hOTboFTPNZeJXhFRlsyEi1GPEVke0vhF1zVrtfEaQ3hH7M2NB5+V0rCPOGWjkBksQhZB4A==}
    dev: false

  /simplex-noise/4.0.1:
    resolution: {integrity: sha512-zl/+bdSqW7HJOQ0oDbxrNYaF4F5ik0i7M6YOYmEoIJNtg16NpvWaTTM1Y7oV/7T0jFljawLgYPS81Uu2rsfo1A==}
    dev: false

  /three/0.145.0:
    resolution: {integrity: sha512-EKoHQEtEJ4CB6b2BGMBgLZrfwLjXcSUfoI/MiIXUuRpeYsfK5aPWbYhdtIVWOH+x6X0TouldHKHBuc/LAiFzAw==}
    dev: false

  /typescript/4.9.4:
    resolution: {integrity: sha512-Uz+dTXYzxXXbsFpM86Wh3dKCxrQqUcVMxwU54orwlJjOpO3ao8L7j5lH+dWfTwgCwIuM9GQ2kvVotzYJMXTBZg==}
    engines: {node: '>=4.2.0'}
    hasBin: true
    dev: true
